
Microsoft Visual Studio Solution File, Format Version 12.00
# Visual Studio 15
VisualStudioVersion = 15.0.28010.2048
MinimumVisualStudioVersion = 10.0.40219.1
Project("{9A19103F-16F7-4668-BE54-9A1E7A4F7556}") = "MyLinks.Web", "MyLinks.Web\MyLinks.Web.csproj", "{07CE53E9-CA77-4112-83BE-CB0172AED435}"
EndProject
Global
	GlobalSection(SolutionConfigurationPlatforms) = preSolution
		Debug|Any CPU = Debug|Any CPU
		Release|Any CPU = Release|Any CPU
	EndGlobalSection
	GlobalSection(ProjectConfigurationPlatforms) = postSolution
		{07CE53E9-CA77-4112-83BE-CB0172AED435}.Debug|Any CPU.ActiveCfg = Debug|Any CPU
		{07CE53E9-CA77-4112-83BE-CB0172AED435}.Debug|Any CPU.Build.0 = Debug|Any CPU
		{07CE53E9-CA77-4112-83BE-CB0172AED435}.Release|Any CPU.ActiveCfg = Release|Any CPU
		{07CE53E9-CA77-4112-83BE-CB0172AED435}.Release|Any CPU.Build.0 = Release|Any CPU
	EndGlobalSection
	GlobalSection(SolutionProperties) = preSolution
		HideSolutionNode = FALSE
	EndGlobalSection
	GlobalSection(ExtensibilityGlobals) = postSolution
		SolutionGuid = {6305B5FF-8D33-4E23-8A11-072F5F8F158E}
	EndGlobalSection
EndGlobal
