
Microsoft Visual Studio Solution File, Format Version 12.00
# Visual Studio Version 16
VisualStudioVersion = 16.0.28803.352
MinimumVisualStudioVersion = 10.0.40219.1
Project("{9A19103F-16F7-4668-BE54-9A1E7A4F7556}") = "MyLinks.Api.Tests", "MyLinks.Api.Tests\MyLinks.Api.Tests.csproj", "{BBD5A921-D236-449A-8C8E-43A576F29627}"
EndProject
Project("{FAE04EC0-301F-11D3-BF4B-00C04F79EFBC}") = "MyLinks.Application", "MyLinks.Application\MyLinks.Application.csproj", "{F35DE7BF-F3D2-4C9D-A582-95E811981998}"
EndProject
Global
	GlobalSection(SolutionConfigurationPlatforms) = preSolution
		Debug|Any CPU = Debug|Any CPU
		Release|Any CPU = Release|Any CPU
	EndGlobalSection
	GlobalSection(ProjectConfigurationPlatforms) = postSolution
		{BBD5A921-D236-449A-8C8E-43A576F29627}.Debug|Any CPU.ActiveCfg = Debug|Any CPU
		{BBD5A921-D236-449A-8C8E-43A576F29627}.Debug|Any CPU.Build.0 = Debug|Any CPU
		{BBD5A921-D236-449A-8C8E-43A576F29627}.Release|Any CPU.ActiveCfg = Release|Any CPU
		{BBD5A921-D236-449A-8C8E-43A576F29627}.Release|Any CPU.Build.0 = Release|Any CPU
		{F35DE7BF-F3D2-4C9D-A582-95E811981998}.Debug|Any CPU.ActiveCfg = Debug|Any CPU
		{F35DE7BF-F3D2-4C9D-A582-95E811981998}.Debug|Any CPU.Build.0 = Debug|Any CPU
		{F35DE7BF-F3D2-4C9D-A582-95E811981998}.Release|Any CPU.ActiveCfg = Release|Any CPU
		{F35DE7BF-F3D2-4C9D-A582-95E811981998}.Release|Any CPU.Build.0 = Release|Any CPU
	EndGlobalSection
	GlobalSection(SolutionProperties) = preSolution
		HideSolutionNode = FALSE
	EndGlobalSection
	GlobalSection(ExtensibilityGlobals) = postSolution
		SolutionGuid = {6305B5FF-8D33-4E23-8A11-072F5F8F158E}
	EndGlobalSection
EndGlobal
